// !$*UTF8*$!
{
	archiveVersion = 1;
	classes = {
	};
	objectVersion = 46;
	objects = {

/* Begin PBXBuildFile section */
		61A241DB1C8D0E1600D95844 /* ComposeViewController.swift in Sources */ = {isa = PBXBuildFile; fileRef = 61A241DA1C8D0E1600D95844 /* ComposeViewController.swift */; };
		61BAB8EE1C71A640000FD8BB /* User.swift in Sources */ = {isa = PBXBuildFile; fileRef = 61BAB8ED1C71A640000FD8BB /* User.swift */; };
		61BAB8F01C71A653000FD8BB /* Tweet.swift in Sources */ = {isa = PBXBuildFile; fileRef = 61BAB8EF1C71A653000FD8BB /* Tweet.swift */; };
		61BAB8F21C71B74A000FD8BB /* TweetsViewController.swift in Sources */ = {isa = PBXBuildFile; fileRef = 61BAB8F11C71B74A000FD8BB /* TweetsViewController.swift */; };
		61D93F901C69CA39005916BC /* AppDelegate.swift in Sources */ = {isa = PBXBuildFile; fileRef = 61D93F8F1C69CA39005916BC /* AppDelegate.swift */; };
		61D93F921C69CA39005916BC /* ViewController.swift in Sources */ = {isa = PBXBuildFile; fileRef = 61D93F911C69CA39005916BC /* ViewController.swift */; };
		61D93F951C69CA39005916BC /* Main.storyboard in Resources */ = {isa = PBXBuildFile; fileRef = 61D93F931C69CA39005916BC /* Main.storyboard */; };
		61D93F971C69CA39005916BC /* Assets.xcassets in Resources */ = {isa = PBXBuildFile; fileRef = 61D93F961C69CA39005916BC /* Assets.xcassets */; };
		61D93F9A1C69CA39005916BC /* LaunchScreen.storyboard in Resources */ = {isa = PBXBuildFile; fileRef = 61D93F981C69CA39005916BC /* LaunchScreen.storyboard */; };
		61D93FA41C69CCC5005916BC /* TwitterClient.swift in Sources */ = {isa = PBXBuildFile; fileRef = 61D93FA31C69CCC5005916BC /* TwitterClient.swift */; };
		61EF8C041C72C728000E0AF2 /* TweetCell.swift in Sources */ = {isa = PBXBuildFile; fileRef = 61EF8C031C72C728000E0AF2 /* TweetCell.swift */; };
		9749BD94A5A623B759B2DC71 /* Pods.framework in Frameworks */ = {isa = PBXBuildFile; fileRef = C6C51044E1F67FA58583BEDD /* Pods.framework */; };
/* End PBXBuildFile section */

/* Begin PBXFileReference section */
		61A241DA1C8D0E1600D95844 /* ComposeViewController.swift */ = {isa = PBXFileReference; fileEncoding = 4; lastKnownFileType = sourcecode.swift; path = ComposeViewController.swift; sourceTree = "<group>"; };
		61BAB8ED1C71A640000FD8BB /* User.swift */ = {isa = PBXFileReference; fileEncoding = 4; lastKnownFileType = sourcecode.swift; path = User.swift; sourceTree = "<group>"; };
		61BAB8EF1C71A653000FD8BB /* Tweet.swift */ = {isa = PBXFileReference; fileEncoding = 4; lastKnownFileType = sourcecode.swift; path = Tweet.swift; sourceTree = "<group>"; };
		61BAB8F11C71B74A000FD8BB /* TweetsViewController.swift */ = {isa = PBXFileReference; fileEncoding = 4; lastKnownFileType = sourcecode.swift; path = TweetsViewController.swift; sourceTree = "<group>"; };
		61D93F8C1C69CA39005916BC /* Twitter.app */ = {isa = PBXFileReference; explicitFileType = wrapper.application; includeInIndex = 0; path = Twitter.app; sourceTree = BUILT_PRODUCTS_DIR; };
		61D93F8F1C69CA39005916BC /* AppDelegate.swift */ = {isa = PBXFileReference; lastKnownFileType = sourcecode.swift; path = AppDelegate.swift; sourceTree = "<group>"; };
		61D93F911C69CA39005916BC /* ViewController.swift */ = {isa = PBXFileReference; lastKnownFileType = sourcecode.swift; path = ViewController.swift; sourceTree = "<group>"; };
		61D93F941C69CA39005916BC /* Base */ = {isa = PBXFileReference; lastKnownFileType = file.storyboard; name = Base; path = Base.lproj/Main.storyboard; sourceTree = "<group>"; };
		61D93F961C69CA39005916BC /* Assets.xcassets */ = {isa = PBXFileReference; lastKnownFileType = folder.assetcatalog; path = Assets.xcassets; sourceTree = "<group>"; };
		61D93F991C69CA39005916BC /* Base */ = {isa = PBXFileReference; lastKnownFileType = file.storyboard; name = Base; path = Base.lproj/LaunchScreen.storyboard; sourceTree = "<group>"; };
		61D93F9B1C69CA39005916BC /* Info.plist */ = {isa = PBXFileReference; lastKnownFileType = text.plist.xml; path = Info.plist; sourceTree = "<group>"; };
		61D93FA31C69CCC5005916BC /* TwitterClient.swift */ = {isa = PBXFileReference; fileEncoding = 4; lastKnownFileType = sourcecode.swift; path = TwitterClient.swift; sourceTree = "<group>"; };
		61EF8C031C72C728000E0AF2 /* TweetCell.swift */ = {isa = PBXFileReference; fileEncoding = 4; lastKnownFileType = sourcecode.swift; path = TweetCell.swift; sourceTree = "<group>"; };
		AB3D54E46CC2A3B407BB5FB1 /* Pods.release.xcconfig */ = {isa = PBXFileReference; includeInIndex = 1; lastKnownFileType = text.xcconfig; name = Pods.release.xcconfig; path = "Pods/Target Support Files/Pods/Pods.release.xcconfig"; sourceTree = "<group>"; };
		C00DCF80D9DEEC8B8859AA76 /* Pods.debug.xcconfig */ = {isa = PBXFileReference; includeInIndex = 1; lastKnownFileType = text.xcconfig; name = Pods.debug.xcconfig; path = "Pods/Target Support Files/Pods/Pods.debug.xcconfig"; sourceTree = "<group>"; };
		C6C51044E1F67FA58583BEDD /* Pods.framework */ = {isa = PBXFileReference; explicitFileType = wrapper.framework; includeInIndex = 0; path = Pods.framework; sourceTree = BUILT_PRODUCTS_DIR; };
/* End PBXFileReference section */

/* Begin PBXFrameworksBuildPhase section */
		61D93F891C69CA39005916BC /* Frameworks */ = {
			isa = PBXFrameworksBuildPhase;
			buildActionMask = 2147483647;
			files = (
				9749BD94A5A623B759B2DC71 /* Pods.framework in Frameworks */,
			);
			runOnlyForDeploymentPostprocessing = 0;
		};
/* End PBXFrameworksBuildPhase section */

/* Begin PBXGroup section */
		3BF3767236E7932CDD7DD81E /* Pods */ = {
			isa = PBXGroup;
			children = (
				C00DCF80D9DEEC8B8859AA76 /* Pods.debug.xcconfig */,
				AB3D54E46CC2A3B407BB5FB1 /* Pods.release.xcconfig */,
			);
			name = Pods;
			sourceTree = "<group>";
		};
		61BAB8EC1C71A626000FD8BB /* Models */ = {
			isa = PBXGroup;
			children = (
				61BAB8ED1C71A640000FD8BB /* User.swift */,
				61BAB8EF1C71A653000FD8BB /* Tweet.swift */,
			);
			name = Models;
			sourceTree = "<group>";
		};
		61D93F831C69CA39005916BC = {
			isa = PBXGroup;
			children = (
				61D93F8E1C69CA39005916BC /* Twitter */,
				61D93F8D1C69CA39005916BC /* Products */,
				3BF3767236E7932CDD7DD81E /* Pods */,
				6EE83D62A19A264A67949469 /* Frameworks */,
			);
			sourceTree = "<group>";
		};
		61D93F8D1C69CA39005916BC /* Products */ = {
			isa = PBXGroup;
			children = (
				61D93F8C1C69CA39005916BC /* Twitter.app */,
			);
			name = Products;
			sourceTree = "<group>";
		};
		61D93F8E1C69CA39005916BC /* Twitter */ = {
			isa = PBXGroup;
			children = (
				61BAB8EC1C71A626000FD8BB /* Models */,
				61D93FA21C69CC9A005916BC /* API */,
				61D93F8F1C69CA39005916BC /* AppDelegate.swift */,
				61D93F911C69CA39005916BC /* ViewController.swift */,
				61D93F931C69CA39005916BC /* Main.storyboard */,
				61D93F961C69CA39005916BC /* Assets.xcassets */,
				61D93F981C69CA39005916BC /* LaunchScreen.storyboard */,
				61D93F9B1C69CA39005916BC /* Info.plist */,
				61BAB8F11C71B74A000FD8BB /* TweetsViewController.swift */,
				61EF8C031C72C728000E0AF2 /* TweetCell.swift */,
				61A241DA1C8D0E1600D95844 /* ComposeViewController.swift */,
			);
			path = Twitter;
			sourceTree = "<group>";
		};
		61D93FA21C69CC9A005916BC /* API */ = {
			isa = PBXGroup;
			children = (
				61D93FA31C69CCC5005916BC /* TwitterClient.swift */,
			);
			name = API;
			sourceTree = "<group>";
		};
		6EE83D62A19A264A67949469 /* Frameworks */ = {
			isa = PBXGroup;
			children = (
				C6C51044E1F67FA58583BEDD /* Pods.framework */,
			);
			name = Frameworks;
			sourceTree = "<group>";
		};
/* End PBXGroup section */

/* Begin PBXNativeTarget section */
		61D93F8B1C69CA39005916BC /* Twitter */ = {
			isa = PBXNativeTarget;
			buildConfigurationList = 61D93F9E1C69CA39005916BC /* Build configuration list for PBXNativeTarget "Twitter" */;
			buildPhases = (
				BA2E3408C5C50352D97884DC /* Check Pods Manifest.lock */,
				61D93F881C69CA39005916BC /* Sources */,
				61D93F891C69CA39005916BC /* Frameworks */,
				61D93F8A1C69CA39005916BC /* Resources */,
				E314A755AD924D9F397B247D /* Embed Pods Frameworks */,
				0F1BB3C0E7AEB614A960954D /* Copy Pods Resources */,
			);
			buildRules = (
			);
			dependencies = (
			);
			name = Twitter;
			productName = Twitter;
			productReference = 61D93F8C1C69CA39005916BC /* Twitter.app */;
			productType = "com.apple.product-type.application";
		};
/* End PBXNativeTarget section */

/* Begin PBXProject section */
		61D93F841C69CA39005916BC /* Project object */ = {
			isa = PBXProject;
			attributes = {
				LastSwiftUpdateCheck = 0720;
				LastUpgradeCheck = 0720;
				ORGANIZATIONNAME = "Tom Horvath";
				TargetAttributes = {
					61D93F8B1C69CA39005916BC = {
						CreatedOnToolsVersion = 7.2.1;
					};
				};
			};
			buildConfigurationList = 61D93F871C69CA39005916BC /* Build configuration list for PBXProject "Twitter" */;
			compatibilityVersion = "Xcode 3.2";
			developmentRegion = English;
			hasScannedForEncodings = 0;
			knownRegions = (
				en,
				Base,
			);
			mainGroup = 61D93F831C69CA39005916BC;
			productRefGroup = 61D93F8D1C69CA39005916BC /* Products */;
			projectDirPath = "";
			projectRoot = "";
			targets = (
				61D93F8B1C69CA39005916BC /* Twitter */,
			);
		};
/* End PBXProject section */

/* Begin PBXResourcesBuildPhase section */
		61D93F8A1C69CA39005916BC /* Resources */ = {
			isa = PBXResourcesBuildPhase;
			buildActionMask = 2147483647;
			files = (
				61D93F9A1C69CA39005916BC /* LaunchScreen.storyboard in Resources */,
				61D93F971C69CA39005916BC /* Assets.xcassets in Resources */,
				61D93F951C69CA39005916BC /* Main.storyboard in Resources */,
			);
			runOnlyForDeploymentPostprocessing = 0;
		};
/* End PBXResourcesBuildPhase section */

/* Begin PBXShellScriptBuildPhase section */
		0F1BB3C0E7AEB614A960954D /* Copy Pods Resources */ = {
			isa = PBXShellScriptBuildPhase;
			buildActionMask = 2147483647;
			files = (
			);
			inputPaths = (
			);
			name = "Copy Pods Resources";
			outputPaths = (
			);
			runOnlyForDeploymentPostprocessing = 0;
			shellPath = /bin/sh;
			shellScript = "\"${SRCROOT}/Pods/Target Support Files/Pods/Pods-resources.sh\"\n";
			showEnvVarsInLog = 0;
		};
		BA2E3408C5C50352D97884DC /* Check Pods Manifest.lock */ = {
			isa = PBXShellScriptBuildPhase;
			buildActionMask = 2147483647;
			files = (
			);
			inputPaths = (
			);
			name = "Check Pods Manifest.lock";
			outputPaths = (
			);
			runOnlyForDeploymentPostprocessing = 0;
			shellPath = /bin/sh;
			shellScript = "diff \"${PODS_ROOT}/../Podfile.lock\" \"${PODS_ROOT}/Manifest.lock\" > /dev/null\nif [[ $? != 0 ]] ; then\n    cat << EOM\nerror: The sandbox is not in sync with the Podfile.lock. Run 'pod install' or update your CocoaPods installation.\nEOM\n    exit 1\nfi\n";
			showEnvVarsInLog = 0;
		};
		E314A755AD924D9F397B247D /* Embed Pods Frameworks */ = {
			isa = PBXShellScriptBuildPhase;
			buildActionMask = 2147483647;
			files = (
			);
			inputPaths = (
			);
			name = "Embed Pods Frameworks";
			outputPaths = (
			);
			runOnlyForDeploymentPostprocessing = 0;
			shellPath = /bin/sh;
			shellScript = "\"${SRCROOT}/Pods/Target Support Files/Pods/Pods-frameworks.sh\"\n";
			showEnvVarsInLog = 0;
		};
/* End PBXShellScriptBuildPhase section */

/* Begin PBXSourcesBuildPhase section */
		61D93F881C69CA39005916BC /* Sources */ = {
			isa = PBXSourcesBuildPhase;
			buildActionMask = 2147483647;
			files = (
				61BAB8EE1C71A640000FD8BB /* User.swift in Sources */,
				61EF8C041C72C728000E0AF2 /* TweetCell.swift in Sources */,
				61BAB8F01C71A653000FD8BB /* Tweet.swift in Sources */,
				61A241DB1C8D0E1600D95844 /* ComposeViewController.swift in Sources */,
				61BAB8F21C71B74A000FD8BB /* TweetsViewController.swift in Sources */,
				61D93F921C69CA39005916BC /* ViewController.swift in Sources */,
				61D93FA41C69CCC5005916BC /* TwitterClient.swift in Sources */,
				61D93F901C69CA39005916BC /* AppDelegate.swift in Sources */,
			);
			runOnlyForDeploymentPostprocessing = 0;
		};
/* End PBXSourcesBuildPhase section */

/* Begin PBXVariantGroup section */
		61D93F931C69CA39005916BC /* Main.storyboard */ = {
			isa = PBXVariantGroup;
			children = (
				61D93F941C69CA39005916BC /* Base */,
			);
			name = Main.storyboard;
			sourceTree = "<group>";
		};
		61D93F981C69CA39005916BC /* LaunchScreen.storyboard */ = {
			isa = PBXVariantGroup;
			children = (
				61D93F991C69CA39005916BC /* Base */,
			);
			name = LaunchScreen.storyboard;
			sourceTree = "<group>";
		};
/* End PBXVariantGroup section */

/* Begin XCBuildConfiguration section */
		61D93F9C1C69CA39005916BC /* Debug */ = {
			isa = XCBuildConfiguration;
			buildSettings = {
				ALWAYS_SEARCH_USER_PATHS = NO;
				CLANG_CXX_LANGUAGE_STANDARD = "gnu++0x";
				CLANG_CXX_LIBRARY = "libc++";
				CLANG_ENABLE_MODULES = YES;
				CLANG_ENABLE_OBJC_ARC = YES;
				CLANG_WARN_BOOL_CONVERSION = YES;
				CLANG_WARN_CONSTANT_CONVERSION = YES;
				CLANG_WARN_DIRECT_OBJC_ISA_USAGE = YES_ERROR;
				CLANG_WARN_EMPTY_BODY = YES;
				CLANG_WARN_ENUM_CONVERSION = YES;
				CLANG_WARN_INT_CONVERSION = YES;
				CLANG_WARN_OBJC_ROOT_CLASS = YES_ERROR;
				CLANG_WARN_UNREACHABLE_CODE = YES;
				CLANG_WARN__DUPLICATE_METHOD_MATCH = YES;
				"CODE_SIGN_IDENTITY[sdk=iphoneos*]" = "iPhone Developer";
				COPY_PHASE_STRIP = NO;
				DEBUG_INFORMATION_FORMAT = dwarf;
				ENABLE_STRICT_OBJC_MSGSEND = YES;
				ENABLE_TESTABILITY = YES;
				GCC_C_LANGUAGE_STANDARD = gnu99;
				GCC_DYNAMIC_NO_PIC = NO;
				GCC_NO_COMMON_BLOCKS = YES;
				GCC_OPTIMIZATION_LEVEL = 0;
				GCC_PREPROCESSOR_DEFINITIONS = (
					"DEBUG=1",
					"$(inherited)",
				);
				GCC_WARN_64_TO_32_BIT_CONVERSION = YES;
				GCC_WARN_ABOUT_RETURN_TYPE = YES_ERROR;
				GCC_WARN_UNDECLARED_SELECTOR = YES;
				GCC_WARN_UNINITIALIZED_AUTOS = YES_AGGRESSIVE;
				GCC_WARN_UNUSED_FUNCTION = YES;
				GCC_WARN_UNUSED_VARIABLE = YES;
				IPHONEOS_DEPLOYMENT_TARGET = 9.2;
				MTL_ENABLE_DEBUG_INFO = YES;
				ONLY_ACTIVE_ARCH = YES;
				SDKROOT = iphoneos;
				SWIFT_OPTIMIZATION_LEVEL = "-Onone";
				TARGETED_DEVICE_FAMILY = "1,2";
			};
			name = Debug;
		};
		61D93F9D1C69CA39005916BC /* Release */ = {
			isa = XCBuildConfiguration;
			buildSettings = {
				ALWAYS_SEARCH_USER_PATHS = NO;
				CLANG_CXX_LANGUAGE_STANDARD = "gnu++0x";
				CLANG_CXX_LIBRARY = "libc++";
				CLANG_ENABLE_MODULES = YES;
				CLANG_ENABLE_OBJC_ARC = YES;
				CLANG_WARN_BOOL_CONVERSION = YES;
				CLANG_WARN_CONSTANT_CONVERSION = YES;
				CLANG_WARN_DIRECT_OBJC_ISA_USAGE = YES_ERROR;
				CLANG_WARN_EMPTY_BODY = YES;
				CLANG_WARN_ENUM_CONVERSION = YES;
				CLANG_WARN_INT_CONVERSION = YES;
				CLANG_WARN_OBJC_ROOT_CLASS = YES_ERROR;
				CLANG_WARN_UNREACHABLE_CODE = YES;
				CLANG_WARN__DUPLICATE_METHOD_MATCH = YES;
				"CODE_SIGN_IDENTITY[sdk=iphoneos*]" = "iPhone Developer";
				COPY_PHASE_STRIP = NO;
				DEBUG_INFORMATION_FORMAT = "dwarf-with-dsym";
				ENABLE_NS_ASSERTIONS = NO;
				ENABLE_STRICT_OBJC_MSGSEND = YES;
				GCC_C_LANGUAGE_STANDARD = gnu99;
				GCC_NO_COMMON_BLOCKS = YES;
				GCC_WARN_64_TO_32_BIT_CONVERSION = YES;
				GCC_WARN_ABOUT_RETURN_TYPE = YES_ERROR;
				GCC_WARN_UNDECLARED_SELECTOR = YES;
				GCC_WARN_UNINITIALIZED_AUTOS = YES_AGGRESSIVE;
				GCC_WARN_UNUSED_FUNCTION = YES;
				GCC_WARN_UNUSED_VARIABLE = YES;
				IPHONEOS_DEPLOYMENT_TARGET = 9.2;
				MTL_ENABLE_DEBUG_INFO = NO;
				SDKROOT = iphoneos;
				TARGETED_DEVICE_FAMILY = "1,2";
				VALIDATE_PRODUCT = YES;
			};
			name = Release;
		};
		61D93F9F1C69CA39005916BC /* Debug */ = {
			isa = XCBuildConfiguration;
			baseConfigurationReference = C00DCF80D9DEEC8B8859AA76 /* Pods.debug.xcconfig */;
			buildSettings = {
				ASSETCATALOG_COMPILER_APPICON_NAME = AppIcon;
				INFOPLIST_FILE = Twitter/Info.plist;
				LD_RUNPATH_SEARCH_PATHS = "$(inherited) @executable_path/Frameworks";
				PRODUCT_BUNDLE_IDENTIFIER = com.horvathtom.Twitter;
				PRODUCT_NAME = "$(TARGET_NAME)";
			};
			name = Debug;
		};
		61D93FA01C69CA39005916BC /* Release */ = {
			isa = XCBuildConfiguration;
			baseConfigurationReference = AB3D54E46CC2A3B407BB5FB1 /* Pods.release.xcconfig */;
			buildSettings = {
				ASSETCATALOG_COMPILER_APPICON_NAME = AppIcon;
				INFOPLIST_FILE = Twitter/Info.plist;
				LD_RUNPATH_SEARCH_PATHS = "$(inherited) @executable_path/Frameworks";
				PRODUCT_BUNDLE_IDENTIFIER = com.horvathtom.Twitter;
				PRODUCT_NAME = "$(TARGET_NAME)";
			};
			name = Release;
		};
/* End XCBuildConfiguration section */

/* Begin XCConfigurationList section */
		61D93F871C69CA39005916BC /* Build configuration list for PBXProject "Twitter" */ = {
			isa = XCConfigurationList;
			buildConfigurations = (
				61D93F9C1C69CA39005916BC /* Debug */,
				61D93F9D1C69CA39005916BC /* Release */,
			);
			defaultConfigurationIsVisible = 0;
			defaultConfigurationName = Release;
		};
		61D93F9E1C69CA39005916BC /* Build configuration list for PBXNativeTarget "Twitter" */ = {
			isa = XCConfigurationList;
			buildConfigurations = (
				61D93F9F1C69CA39005916BC /* Debug */,
				61D93FA01C69CA39005916BC /* Release */,
			);
			defaultConfigurationIsVisible = 0;
			defaultConfigurationName = Release;
		};
/* End XCConfigurationList section */
	};
	rootObject = 61D93F841C69CA39005916BC /* Project object */;
}
